
Microsoft Visual Studio Solution File, Format Version 12.00
# Visual Studio Version 17
VisualStudioVersion = 17.9.34728.123
MinimumVisualStudioVersion = 10.0.40219.1
Project("{FAE04EC0-301F-11D3-BF4B-00C04F79EFBC}") = "OverloardExplore", "OverloardTest\OverloardExplore.csproj", "{62EDCD7D-77A3-4B73-84CC-B55F7F81D814}"
EndProject
Project("{FAE04EC0-301F-11D3-BF4B-00C04F79EFBC}") = "Test", "Test\Test.csproj", "{9CE42867-0EDB-404E-BA82-1B76DE1F9DB7}"
EndProject
Global
	GlobalSection(SolutionConfigurationPlatforms) = preSolution
		Debug|Any CPU = Debug|Any CPU
		Release|Any CPU = Release|Any CPU
	EndGlobalSection
	GlobalSection(ProjectConfigurationPlatforms) = postSolution
		{62EDCD7D-77A3-4B73-84CC-B55F7F81D814}.Debug|Any CPU.ActiveCfg = Debug|Any CPU
		{62EDCD7D-77A3-4B73-84CC-B55F7F81D814}.Debug|Any CPU.Build.0 = Debug|Any CPU
		{62EDCD7D-77A3-4B73-84CC-B55F7F81D814}.Release|Any CPU.ActiveCfg = Release|Any CPU
		{62EDCD7D-77A3-4B73-84CC-B55F7F81D814}.Release|Any CPU.Build.0 = Release|Any CPU
		{9CE42867-0EDB-404E-BA82-1B76DE1F9DB7}.Debug|Any CPU.ActiveCfg = Debug|Any CPU
		{9CE42867-0EDB-404E-BA82-1B76DE1F9DB7}.Debug|Any CPU.Build.0 = Debug|Any CPU
		{9CE42867-0EDB-404E-BA82-1B76DE1F9DB7}.Release|Any CPU.ActiveCfg = Release|Any CPU
		{9CE42867-0EDB-404E-BA82-1B76DE1F9DB7}.Release|Any CPU.Build.0 = Release|Any CPU
	EndGlobalSection
	GlobalSection(SolutionProperties) = preSolution
		HideSolutionNode = FALSE
	EndGlobalSection
	GlobalSection(ExtensibilityGlobals) = postSolution
		SolutionGuid = {45BF673D-10FB-4072-98D6-2C4BDA43E079}
	EndGlobalSection
EndGlobal
